<?xml version="1.0" encoding="utf-8"?>
<Project ToolsVersion="4.0" xmlns="http://schemas.microsoft.com/developer/msbuild/2003">
  <ItemGroup>
    <Filter Include="win32">
      <UniqueIdentifier>{84a8ebd7-7cf0-47f6-b75e-d441df67da40}</UniqueIdentifier>
    </Filter>
    <Filter Include="resource">
      <UniqueIdentifier>{715254bc-d70b-4ec5-bf29-467dd3ace079}</UniqueIdentifier>
    </Filter>
    <Filter Include="src">
      <UniqueIdentifier>{bb6c862e-70e9-49d9-81b7-3829a6f50471}</UniqueIdentifier>
    </Filter>
    <Filter Include="src\Scenes">
      <UniqueIdentifier>{0ecd9738-1b76-4615-a6d2-98ab5ebab679}</UniqueIdentifier>
    </Filter>
    <Filter Include="src\Layers">
      <UniqueIdentifier>{70f58003-6ba5-470c-a7bf-869cb62857d1}</UniqueIdentifier>
    </Filter>
    <Filter Include="src\Helpers">
      <UniqueIdentifier>{6c4a00cc-4a29-4e3f-a580-97a0bef27407}</UniqueIdentifier>
    </Filter>
    <Filter Include="src\Models">
      <UniqueIdentifier>{928f47a6-633f-4748-add6-e578ed5849f0}</UniqueIdentifier>
    </Filter>
    <Filter Include="src\Resources">
      <UniqueIdentifier>{14c78989-82a7-4223-a1f3-f7130764e976}</UniqueIdentifier>
    </Filter>
    <Filter Include="src\Services">
      <UniqueIdentifier>{e9df6155-e6ac-4d06-b9c1-e48b801c979b}</UniqueIdentifier>
    </Filter>
  </ItemGroup>
  <ItemGroup>
    <ClCompile Include="main.cpp">
      <Filter>win32</Filter>
    </ClCompile>
    <ClCompile Include="..\Classes\AppDelegate.cpp">
      <Filter>src</Filter>
    </ClCompile>
    <ClCompile Include="..\Classes\Layers\LayerLogin.cpp">
      <Filter>src\Layers</Filter>
    </ClCompile>
    <ClCompile Include="..\Classes\Layers\LayerRegister.cpp">
      <Filter>src\Layers</Filter>
    </ClCompile>
    <ClCompile Include="..\Classes\Scenes\SceneMenu.cpp">
      <Filter>src\Scenes</Filter>
    </ClCompile>
    <ClCompile Include="..\Classes\Layers\LayerLoginAndRegisterBackground.cpp">
      <Filter>src\Layers</Filter>
    </ClCompile>
    <ClCompile Include="..\Classes\Layers\LayerMessageDialog.cpp">
      <Filter>src\Layers</Filter>
    </ClCompile>
    <ClCompile Include="..\Classes\Scenes\SceneLoginAndRegister.cpp">
      <Filter>src\Scenes</Filter>
    </ClCompile>
    <ClCompile Include="..\Classes\Scenes\SceneBase.cpp">
      <Filter>src\Scenes</Filter>
    </ClCompile>
    <ClCompile Include="..\Classes\Layers\LayerBase.cpp">
      <Filter>src\Layers</Filter>
    </ClCompile>
    <ClCompile Include="..\Classes\Helpers\Net.cpp">
      <Filter>src\Helpers</Filter>
    </ClCompile>
    <ClCompile Include="..\Classes\Helpers\Hash.cpp">
      <Filter>src\Helpers</Filter>
    </ClCompile>
    <ClCompile Include="..\Classes\Scenes\SceneGameRoom.cpp">
      <Filter>src\Scenes</Filter>
    </ClCompile>
    <ClCompile Include="..\Classes\Layers\LayerMenu.cpp">
      <Filter>src\Layers</Filter>
    </ClCompile>
    <ClCompile Include="..\Classes\Layers\LayerJoinRoom.cpp">
      <Filter>src\Layers</Filter>
    </ClCompile>
    <ClCompile Include="..\Classes\Layers\LayerNewRoom.cpp">
      <Filter>src\Layers</Filter>
    </ClCompile>
    <ClCompile Include="..\Classes\Scenes\SceneRoom.cpp">
      <Filter>src\Scenes</Filter>
    </ClCompile>
    <ClCompile Include="..\Classes\Layers\LayerRoom.cpp">
      <Filter>src\Layers</Filter>
    </ClCompile>
    <ClCompile Include="..\Classes\Layers\LayerRole.cpp">
      <Filter>src\Layers</Filter>
    </ClCompile>
    <ClCompile Include="..\Classes\Layers\LayerEmail.cpp">
      <Filter>src\Layers</Filter>
    </ClCompile>
    <ClCompile Include="..\Classes\Layers\LayerNewUser.cpp">
      <Filter>src\Layers</Filter>
    </ClCompile>
    <ClCompile Include="..\Classes\Services\ServiceAPI.cpp">
      <Filter>src\Services</Filter>
    </ClCompile>
    <ClCompile Include="..\Classes\Services\ServiceGame.cpp">
      <Filter>src\Services</Filter>
    </ClCompile>
    <ClCompile Include="..\Classes\Models\ModelUser.cpp">
      <Filter>src\Models</Filter>
    </ClCompile>
    <ClCompile Include="..\Classes\Services\ServiceUser.cpp">
      <Filter>src\Services</Filter>
    </ClCompile>
  </ItemGroup>
  <ItemGroup>
    <ClInclude Include="main.h">
      <Filter>win32</Filter>
    </ClInclude>
    <ClInclude Include="..\Classes\AppDelegate.h">
      <Filter>src</Filter>
    </ClInclude>
    <ClInclude Include="..\Classes\Scenes\SceneLoginAndRegister.h">
      <Filter>src\Scenes</Filter>
    </ClInclude>
    <ClInclude Include="..\Classes\Layers\LayerLogin.h">
      <Filter>src\Layers</Filter>
    </ClInclude>
    <ClInclude Include="..\Classes\Layers\LayerRegister.h">
      <Filter>src\Layers</Filter>
    </ClInclude>
    <ClInclude Include="..\Classes\Scenes\SceneMenu.h">
      <Filter>src\Scenes</Filter>
    </ClInclude>
    <ClInclude Include="..\Classes\Layers\LayerLoginAndRegisterBackground.h">
      <Filter>src\Layers</Filter>
    </ClInclude>
    <ClInclude Include="..\Classes\Layers\LayerMessageDialog.h">
      <Filter>src\Layers</Filter>
    </ClInclude>
    <ClInclude Include="..\Classes\Scenes\SceneBase.h">
      <Filter>src\Scenes</Filter>
    </ClInclude>
    <ClInclude Include="..\Classes\Layers\LayerBase.h">
      <Filter>src\Layers</Filter>
    </ClInclude>
    <ClInclude Include="..\Classes\Helpers\Net.h">
      <Filter>src\Helpers</Filter>
    </ClInclude>
    <ClInclude Include="..\Classes\Helpers\Helpers.h">
      <Filter>src\Helpers</Filter>
    </ClInclude>
    <ClInclude Include="..\Classes\Helpers\Singleton.h">
      <Filter>src\Helpers</Filter>
    </ClInclude>
    <ClInclude Include="..\Classes\Helpers\Hash.h">
      <Filter>src\Helpers</Filter>
    </ClInclude>
    <ClInclude Include="..\Classes\Scenes\SceneGameRoom.h">
      <Filter>src\Scenes</Filter>
    </ClInclude>
    <ClInclude Include="..\Classes\Layers\LayerMenu.h">
      <Filter>src\Layers</Filter>
    </ClInclude>
    <ClInclude Include="..\Classes\Layers\LayerJoinRoom.h">
      <Filter>src\Layers</Filter>
    </ClInclude>
    <ClInclude Include="..\Classes\Layers\LayerNewRoom.h">
      <Filter>src\Layers</Filter>
    </ClInclude>
    <ClInclude Include="..\Classes\Scenes\SceneRoom.h">
      <Filter>src\Scenes</Filter>
    </ClInclude>
    <ClInclude Include="..\Classes\Layers\LayerRoom.h">
      <Filter>src\Layers</Filter>
    </ClInclude>
    <ClInclude Include="..\Classes\Layers\LayerRole.h">
      <Filter>src\Layers</Filter>
    </ClInclude>
    <ClInclude Include="..\Classes\Layers\LayerEmail.h">
      <Filter>src\Layers</Filter>
    </ClInclude>
    <ClInclude Include="..\Classes\Layers\LayerNewUser.h">
      <Filter>src\Layers</Filter>
    </ClInclude>
    <ClInclude Include="..\Classes\Resources\Tag.h">
      <Filter>src\Resources</Filter>
    </ClInclude>
    <ClInclude Include="..\Classes\Services\ServiceAPI.h">
      <Filter>src\Services</Filter>
    </ClInclude>
    <ClInclude Include="..\Classes\Services\ServiceGame.h">
      <Filter>src\Services</Filter>
    </ClInclude>
    <ClInclude Include="..\Classes\Models\ModelUser.h">
      <Filter>src\Models</Filter>
    </ClInclude>
    <ClInclude Include="..\Classes\Services\ServiceUser.h">
      <Filter>src\Services</Filter>
    </ClInclude>
  </ItemGroup>
  <ItemGroup>
    <ResourceCompile Include="game.rc">
      <Filter>resource</Filter>
    </ResourceCompile>
  </ItemGroup>
  <ItemGroup>
    <None Include="..\Classes\.editorconfig" />
  </ItemGroup>
</Project>